// !$*UTF8*$!
{
	archiveVersion = 1;
	classes = {
	};
	objectVersion = 50;
	objects = {

/* Begin PBXBuildFile section */
		372022702167AF5B00602B53 /* CustomTextField.swift in Sources */ = {isa = PBXBuildFile; fileRef = 3720226F2167AF5B00602B53 /* CustomTextField.swift */; };
		37352731217A217700602046 /* MappingControlsView.swift in Sources */ = {isa = PBXBuildFile; fileRef = 3735272E217A217700602046 /* MappingControlsView.swift */; };
		37352732217A217700602046 /* MappingView.swift in Sources */ = {isa = PBXBuildFile; fileRef = 3735272F217A217700602046 /* MappingView.swift */; };
		37352733217A217700602046 /* MappingViewController.swift in Sources */ = {isa = PBXBuildFile; fileRef = 37352730217A217700602046 /* MappingViewController.swift */; };
		37352737217A217F00602046 /* MappingServer.swift in Sources */ = {isa = PBXBuildFile; fileRef = 37352735217A217F00602046 /* MappingServer.swift */; };
		37352738217A217F00602046 /* PinitOwnerViewController.swift in Sources */ = {isa = PBXBuildFile; fileRef = 37352736217A217F00602046 /* PinitOwnerViewController.swift */; };
		3735273B217A218700602046 /* SettingsViewController.swift in Sources */ = {isa = PBXBuildFile; fileRef = 3735273A217A218700602046 /* SettingsViewController.swift */; };
		3735273D217A303100602046 /* MappingServerDelegate.swift in Sources */ = {isa = PBXBuildFile; fileRef = 3735273C217A303100602046 /* MappingServerDelegate.swift */; };
		37352748217A3EE100602046 /* account_management.grpc.swift in Sources */ = {isa = PBXBuildFile; fileRef = 37352740217A3EE100602046 /* account_management.grpc.swift */; };
		37352749217A3EE100602046 /* account_management.pb.swift in Sources */ = {isa = PBXBuildFile; fileRef = 37352741217A3EE100602046 /* account_management.pb.swift */; };
		3735274A217A3EE100602046 /* ros.grpc.swift in Sources */ = {isa = PBXBuildFile; fileRef = 37352743217A3EE100602046 /* ros.grpc.swift */; };
		3735274B217A3EE100602046 /* ros.pb.swift in Sources */ = {isa = PBXBuildFile; fileRef = 37352744217A3EE100602046 /* ros.pb.swift */; };
		3735274C217A3EE100602046 /* login.grpc.swift in Sources */ = {isa = PBXBuildFile; fileRef = 37352746217A3EE100602046 /* login.grpc.swift */; };
		3735274D217A3EE100602046 /* login.pb.swift in Sources */ = {isa = PBXBuildFile; fileRef = 37352747217A3EE100602046 /* login.pb.swift */; };
		3735274F217B498500602046 /* TabBarNavigationController.swift in Sources */ = {isa = PBXBuildFile; fileRef = 3735274E217B498500602046 /* TabBarNavigationController.swift */; };
		373639CC217248A300EBD383 /* BoringSSL.framework in Frameworks */ = {isa = PBXBuildFile; fileRef = 373C1282216F9ED4003D7CBB /* BoringSSL.framework */; };
		373639CD217248A300EBD383 /* BoringSSL.framework in Embed Frameworks */ = {isa = PBXBuildFile; fileRef = 373C1282216F9ED4003D7CBB /* BoringSSL.framework */; settings = {ATTRIBUTES = (CodeSignOnCopy, RemoveHeadersOnCopy, ); }; };
		373639D0217248A300EBD383 /* SwiftGRPC.framework in Frameworks */ = {isa = PBXBuildFile; fileRef = 373C1286216F9ED4003D7CBB /* SwiftGRPC.framework */; };
		373639D1217248A300EBD383 /* SwiftGRPC.framework in Embed Frameworks */ = {isa = PBXBuildFile; fileRef = 373C1286216F9ED4003D7CBB /* SwiftGRPC.framework */; settings = {ATTRIBUTES = (CodeSignOnCopy, RemoveHeadersOnCopy, ); }; };
		373639D4217248A300EBD383 /* SwiftProtobuf.framework in Frameworks */ = {isa = PBXBuildFile; fileRef = 373C1288216F9ED4003D7CBB /* SwiftProtobuf.framework */; };
		373639D5217248A300EBD383 /* SwiftProtobuf.framework in Embed Frameworks */ = {isa = PBXBuildFile; fileRef = 373C1288216F9ED4003D7CBB /* SwiftProtobuf.framework */; settings = {ATTRIBUTES = (CodeSignOnCopy, RemoveHeadersOnCopy, ); }; };
		373639D8217248A300EBD383 /* CgRPC.framework in Frameworks */ = {isa = PBXBuildFile; fileRef = 373C1284216F9ED4003D7CBB /* CgRPC.framework */; };
		373639D9217248A300EBD383 /* CgRPC.framework in Embed Frameworks */ = {isa = PBXBuildFile; fileRef = 373C1284216F9ED4003D7CBB /* CgRPC.framework */; settings = {ATTRIBUTES = (CodeSignOnCopy, RemoveHeadersOnCopy, ); }; };
		37363A0B21761C3300EBD383 /* UIButtonExtension.swift in Sources */ = {isa = PBXBuildFile; fileRef = 37363A0A21761C3300EBD383 /* UIButtonExtension.swift */; };
		37363A1621761F1100EBD383 /* RegisterServerDelegate.swift in Sources */ = {isa = PBXBuildFile; fileRef = 37363A0E21761F1100EBD383 /* RegisterServerDelegate.swift */; };
		37363A1721761F1100EBD383 /* RegisterView.swift in Sources */ = {isa = PBXBuildFile; fileRef = 37363A0F21761F1100EBD383 /* RegisterView.swift */; };
		37363A1821761F1100EBD383 /* RegisterServer.swift in Sources */ = {isa = PBXBuildFile; fileRef = 37363A1021761F1100EBD383 /* RegisterServer.swift */; };
		37363A1921761F1100EBD383 /* RegisterViewController.swift in Sources */ = {isa = PBXBuildFile; fileRef = 37363A1121761F1100EBD383 /* RegisterViewController.swift */; };
		37363A1A21761F1100EBD383 /* AuthenticationView.swift in Sources */ = {isa = PBXBuildFile; fileRef = 37363A1221761F1100EBD383 /* AuthenticationView.swift */; };
		37363A1B21761F1100EBD383 /* LoginView.swift in Sources */ = {isa = PBXBuildFile; fileRef = 37363A1421761F1100EBD383 /* LoginView.swift */; };
		37363A1C21761F1100EBD383 /* LoginViewController.swift in Sources */ = {isa = PBXBuildFile; fileRef = 37363A1521761F1100EBD383 /* LoginViewController.swift */; };
		37363A1E21761F2200EBD383 /* LoginServerDelegate.swift in Sources */ = {isa = PBXBuildFile; fileRef = 37363A1D21761F2200EBD383 /* LoginServerDelegate.swift */; };
		37363A2021761F3400EBD383 /* LoginServer.swift in Sources */ = {isa = PBXBuildFile; fileRef = 37363A1F21761F3400EBD383 /* LoginServer.swift */; };
		376985B9216834DE006FF550 /* Constants.swift in Sources */ = {isa = PBXBuildFile; fileRef = 376985B8216834DE006FF550 /* Constants.swift */; };
		3775A06B21650B5D00ABEF54 /* Constraints.swift in Sources */ = {isa = PBXBuildFile; fileRef = 3775A0692165012200ABEF54 /* Constraints.swift */; };
		37EEA7E7215B962500BF3839 /* AppDelegate.swift in Sources */ = {isa = PBXBuildFile; fileRef = 37EEA7E6215B962500BF3839 /* AppDelegate.swift */; };
		37EEA7EE215B962800BF3839 /* Assets.xcassets in Resources */ = {isa = PBXBuildFile; fileRef = 37EEA7ED215B962800BF3839 /* Assets.xcassets */; };
		37EEA7FC215B962800BF3839 /* pinitTests.swift in Sources */ = {isa = PBXBuildFile; fileRef = 37EEA7FB215B962800BF3839 /* pinitTests.swift */; };
/* End PBXBuildFile section */

/* Begin PBXContainerItemProxy section */
		373639CE217248A300EBD383 /* PBXContainerItemProxy */ = {
			isa = PBXContainerItemProxy;
			containerPortal = 373C127A216F9ED3003D7CBB /* SwiftGRPC-Carthage.xcodeproj */;
			proxyType = 1;
			remoteGlobalIDString = "SwiftGRPC::BoringSSL";
			remoteInfo = BoringSSL;
		};
		373639D2217248A300EBD383 /* PBXContainerItemProxy */ = {
			isa = PBXContainerItemProxy;
			containerPortal = 373C127A216F9ED3003D7CBB /* SwiftGRPC-Carthage.xcodeproj */;
			proxyType = 1;
			remoteGlobalIDString = "SwiftGRPC::SwiftGRPC";
			remoteInfo = SwiftGRPC;
		};
		373639D6217248A300EBD383 /* PBXContainerItemProxy */ = {
			isa = PBXContainerItemProxy;
			containerPortal = 373C127A216F9ED3003D7CBB /* SwiftGRPC-Carthage.xcodeproj */;
			proxyType = 1;
			remoteGlobalIDString = "SwiftProtobuf::SwiftProtobuf";
			remoteInfo = SwiftProtobuf;
		};
		373639DA217248A300EBD383 /* PBXContainerItemProxy */ = {
			isa = PBXContainerItemProxy;
			containerPortal = 373C127A216F9ED3003D7CBB /* SwiftGRPC-Carthage.xcodeproj */;
			proxyType = 1;
			remoteGlobalIDString = "SwiftGRPC::CgRPC";
			remoteInfo = CgRPC;
		};
		373C1281216F9ED4003D7CBB /* PBXContainerItemProxy */ = {
			isa = PBXContainerItemProxy;
			containerPortal = 373C127A216F9ED3003D7CBB /* SwiftGRPC-Carthage.xcodeproj */;
			proxyType = 2;
			remoteGlobalIDString = "SwiftGRPC::BoringSSL::Product";
			remoteInfo = BoringSSL;
		};
		373C1283216F9ED4003D7CBB /* PBXContainerItemProxy */ = {
			isa = PBXContainerItemProxy;
			containerPortal = 373C127A216F9ED3003D7CBB /* SwiftGRPC-Carthage.xcodeproj */;
			proxyType = 2;
			remoteGlobalIDString = "SwiftGRPC::CgRPC::Product";
			remoteInfo = CgRPC;
		};
		373C1285216F9ED4003D7CBB /* PBXContainerItemProxy */ = {
			isa = PBXContainerItemProxy;
			containerPortal = 373C127A216F9ED3003D7CBB /* SwiftGRPC-Carthage.xcodeproj */;
			proxyType = 2;
			remoteGlobalIDString = "SwiftGRPC::SwiftGRPC::Product";
			remoteInfo = SwiftGRPC;
		};
		373C1287216F9ED4003D7CBB /* PBXContainerItemProxy */ = {
			isa = PBXContainerItemProxy;
			containerPortal = 373C127A216F9ED3003D7CBB /* SwiftGRPC-Carthage.xcodeproj */;
			proxyType = 2;
			remoteGlobalIDString = "SwiftProtobuf::SwiftProtobuf::Product";
			remoteInfo = SwiftProtobuf;
		};
		37EEA7F8215B962800BF3839 /* PBXContainerItemProxy */ = {
			isa = PBXContainerItemProxy;
			containerPortal = 37EEA7DB215B962400BF3839 /* Project object */;
			proxyType = 1;
			remoteGlobalIDString = 37EEA7E2215B962500BF3839;
			remoteInfo = pinit;
		};
/* End PBXContainerItemProxy section */

/* Begin PBXCopyFilesBuildPhase section */
		373639DC217248A300EBD383 /* Embed Frameworks */ = {
			isa = PBXCopyFilesBuildPhase;
			buildActionMask = 2147483647;
			dstPath = "";
			dstSubfolderSpec = 10;
			files = (
				373639D1217248A300EBD383 /* SwiftGRPC.framework in Embed Frameworks */,
				373639D5217248A300EBD383 /* SwiftProtobuf.framework in Embed Frameworks */,
				373639D9217248A300EBD383 /* CgRPC.framework in Embed Frameworks */,
				373639CD217248A300EBD383 /* BoringSSL.framework in Embed Frameworks */,
			);
			name = "Embed Frameworks";
			runOnlyForDeploymentPostprocessing = 0;
		};
/* End PBXCopyFilesBuildPhase section */

/* Begin PBXFileReference section */
		3720226F2167AF5B00602B53 /* CustomTextField.swift */ = {isa = PBXFileReference; lastKnownFileType = sourcecode.swift; path = CustomTextField.swift; sourceTree = "<group>"; };
		3735272E217A217700602046 /* MappingControlsView.swift */ = {isa = PBXFileReference; fileEncoding = 4; lastKnownFileType = sourcecode.swift; path = MappingControlsView.swift; sourceTree = "<group>"; };
		3735272F217A217700602046 /* MappingView.swift */ = {isa = PBXFileReference; fileEncoding = 4; lastKnownFileType = sourcecode.swift; path = MappingView.swift; sourceTree = "<group>"; };
		37352730217A217700602046 /* MappingViewController.swift */ = {isa = PBXFileReference; fileEncoding = 4; lastKnownFileType = sourcecode.swift; path = MappingViewController.swift; sourceTree = "<group>"; };
		37352735217A217F00602046 /* MappingServer.swift */ = {isa = PBXFileReference; fileEncoding = 4; lastKnownFileType = sourcecode.swift; path = MappingServer.swift; sourceTree = "<group>"; };
		37352736217A217F00602046 /* PinitOwnerViewController.swift */ = {isa = PBXFileReference; fileEncoding = 4; lastKnownFileType = sourcecode.swift; path = PinitOwnerViewController.swift; sourceTree = "<group>"; };
		3735273A217A218700602046 /* SettingsViewController.swift */ = {isa = PBXFileReference; fileEncoding = 4; lastKnownFileType = sourcecode.swift; path = SettingsViewController.swift; sourceTree = "<group>"; };
		3735273C217A303100602046 /* MappingServerDelegate.swift */ = {isa = PBXFileReference; lastKnownFileType = sourcecode.swift; path = MappingServerDelegate.swift; sourceTree = "<group>"; };
		37352740217A3EE100602046 /* account_management.grpc.swift */ = {isa = PBXFileReference; fileEncoding = 4; lastKnownFileType = sourcecode.swift; path = account_management.grpc.swift; sourceTree = "<group>"; };
		37352741217A3EE100602046 /* account_management.pb.swift */ = {isa = PBXFileReference; fileEncoding = 4; lastKnownFileType = sourcecode.swift; path = account_management.pb.swift; sourceTree = "<group>"; };
		37352743217A3EE100602046 /* ros.grpc.swift */ = {isa = PBXFileReference; fileEncoding = 4; lastKnownFileType = sourcecode.swift; path = ros.grpc.swift; sourceTree = "<group>"; };
		37352744217A3EE100602046 /* ros.pb.swift */ = {isa = PBXFileReference; fileEncoding = 4; lastKnownFileType = sourcecode.swift; path = ros.pb.swift; sourceTree = "<group>"; };
		37352746217A3EE100602046 /* login.grpc.swift */ = {isa = PBXFileReference; fileEncoding = 4; lastKnownFileType = sourcecode.swift; path = login.grpc.swift; sourceTree = "<group>"; };
		37352747217A3EE100602046 /* login.pb.swift */ = {isa = PBXFileReference; fileEncoding = 4; lastKnownFileType = sourcecode.swift; path = login.pb.swift; sourceTree = "<group>"; };
		3735274E217B498500602046 /* TabBarNavigationController.swift */ = {isa = PBXFileReference; lastKnownFileType = sourcecode.swift; path = TabBarNavigationController.swift; sourceTree = "<group>"; };
		37363A0A21761C3300EBD383 /* UIButtonExtension.swift */ = {isa = PBXFileReference; lastKnownFileType = sourcecode.swift; path = UIButtonExtension.swift; sourceTree = "<group>"; };
		37363A0E21761F1100EBD383 /* RegisterServerDelegate.swift */ = {isa = PBXFileReference; fileEncoding = 4; lastKnownFileType = sourcecode.swift; path = RegisterServerDelegate.swift; sourceTree = "<group>"; };
		37363A0F21761F1100EBD383 /* RegisterView.swift */ = {isa = PBXFileReference; fileEncoding = 4; lastKnownFileType = sourcecode.swift; path = RegisterView.swift; sourceTree = "<group>"; };
		37363A1021761F1100EBD383 /* RegisterServer.swift */ = {isa = PBXFileReference; fileEncoding = 4; lastKnownFileType = sourcecode.swift; path = RegisterServer.swift; sourceTree = "<group>"; };
		37363A1121761F1100EBD383 /* RegisterViewController.swift */ = {isa = PBXFileReference; fileEncoding = 4; lastKnownFileType = sourcecode.swift; path = RegisterViewController.swift; sourceTree = "<group>"; };
		37363A1221761F1100EBD383 /* AuthenticationView.swift */ = {isa = PBXFileReference; fileEncoding = 4; lastKnownFileType = sourcecode.swift; path = AuthenticationView.swift; sourceTree = "<group>"; };
		37363A1421761F1100EBD383 /* LoginView.swift */ = {isa = PBXFileReference; fileEncoding = 4; lastKnownFileType = sourcecode.swift; path = LoginView.swift; sourceTree = "<group>"; };
		37363A1521761F1100EBD383 /* LoginViewController.swift */ = {isa = PBXFileReference; fileEncoding = 4; lastKnownFileType = sourcecode.swift; path = LoginViewController.swift; sourceTree = "<group>"; };
		37363A1D21761F2200EBD383 /* LoginServerDelegate.swift */ = {isa = PBXFileReference; lastKnownFileType = sourcecode.swift; path = LoginServerDelegate.swift; sourceTree = "<group>"; };
		37363A1F21761F3400EBD383 /* LoginServer.swift */ = {isa = PBXFileReference; lastKnownFileType = sourcecode.swift; path = LoginServer.swift; sourceTree = "<group>"; };
		373C127A216F9ED3003D7CBB /* SwiftGRPC-Carthage.xcodeproj */ = {isa = PBXFileReference; lastKnownFileType = "wrapper.pb-project"; name = "SwiftGRPC-Carthage.xcodeproj"; path = "../../grpc-swift/SwiftGRPC-Carthage.xcodeproj"; sourceTree = "<group>"; };
		376985B8216834DE006FF550 /* Constants.swift */ = {isa = PBXFileReference; lastKnownFileType = sourcecode.swift; path = Constants.swift; sourceTree = "<group>"; };
		3775A0692165012200ABEF54 /* Constraints.swift */ = {isa = PBXFileReference; lastKnownFileType = sourcecode.swift; path = Constraints.swift; sourceTree = "<group>"; };
		37EEA7E3215B962500BF3839 /* pinit.app */ = {isa = PBXFileReference; explicitFileType = wrapper.application; includeInIndex = 0; path = pinit.app; sourceTree = BUILT_PRODUCTS_DIR; };
		37EEA7E6215B962500BF3839 /* AppDelegate.swift */ = {isa = PBXFileReference; lastKnownFileType = sourcecode.swift; path = AppDelegate.swift; sourceTree = "<group>"; };
		37EEA7ED215B962800BF3839 /* Assets.xcassets */ = {isa = PBXFileReference; lastKnownFileType = folder.assetcatalog; path = Assets.xcassets; sourceTree = "<group>"; };
		37EEA7F2215B962800BF3839 /* Info.plist */ = {isa = PBXFileReference; lastKnownFileType = text.plist.xml; path = Info.plist; sourceTree = "<group>"; };
		37EEA7F7215B962800BF3839 /* pinitTests.xctest */ = {isa = PBXFileReference; explicitFileType = wrapper.cfbundle; includeInIndex = 0; path = pinitTests.xctest; sourceTree = BUILT_PRODUCTS_DIR; };
		37EEA7FB215B962800BF3839 /* pinitTests.swift */ = {isa = PBXFileReference; lastKnownFileType = sourcecode.swift; path = pinitTests.swift; sourceTree = "<group>"; };
		37EEA7FD215B962800BF3839 /* Info.plist */ = {isa = PBXFileReference; lastKnownFileType = text.plist.xml; path = Info.plist; sourceTree = "<group>"; };
/* End PBXFileReference section */

/* Begin PBXFrameworksBuildPhase section */
		37EEA7E0215B962500BF3839 /* Frameworks */ = {
			isa = PBXFrameworksBuildPhase;
			buildActionMask = 2147483647;
			files = (
				373639D0217248A300EBD383 /* SwiftGRPC.framework in Frameworks */,
				373639D4217248A300EBD383 /* SwiftProtobuf.framework in Frameworks */,
				373639D8217248A300EBD383 /* CgRPC.framework in Frameworks */,
				373639CC217248A300EBD383 /* BoringSSL.framework in Frameworks */,
			);
			runOnlyForDeploymentPostprocessing = 0;
		};
		37EEA7F4215B962800BF3839 /* Frameworks */ = {
			isa = PBXFrameworksBuildPhase;
			buildActionMask = 2147483647;
			files = (
			);
			runOnlyForDeploymentPostprocessing = 0;
		};
/* End PBXFrameworksBuildPhase section */

/* Begin PBXGroup section */
		3735272D217A217700602046 /* Mapping */ = {
			isa = PBXGroup;
			children = (
				3735272E217A217700602046 /* MappingControlsView.swift */,
				3735272F217A217700602046 /* MappingView.swift */,
				37352730217A217700602046 /* MappingViewController.swift */,
			);
			path = Mapping;
			sourceTree = "<group>";
		};
		37352734217A217F00602046 /* PinitOwner */ = {
			isa = PBXGroup;
			children = (
				37352735217A217F00602046 /* MappingServer.swift */,
				3735273C217A303100602046 /* MappingServerDelegate.swift */,
				37352736217A217F00602046 /* PinitOwnerViewController.swift */,
			);
			path = PinitOwner;
			sourceTree = "<group>";
		};
		37352739217A218700602046 /* Settings */ = {
			isa = PBXGroup;
			children = (
				3735273A217A218700602046 /* SettingsViewController.swift */,
			);
			path = Settings;
			sourceTree = "<group>";
		};
		3735273E217A3EE100602046 /* genfiles */ = {
			isa = PBXGroup;
			children = (
				3735273F217A3EE100602046 /* account_management */,
				37352742217A3EE100602046 /* ros */,
				37352745217A3EE100602046 /* login */,
			);
			path = genfiles;
			sourceTree = "<group>";
		};
		3735273F217A3EE100602046 /* account_management */ = {
			isa = PBXGroup;
			children = (
				37352740217A3EE100602046 /* account_management.grpc.swift */,
				37352741217A3EE100602046 /* account_management.pb.swift */,
			);
			path = account_management;
			sourceTree = "<group>";
		};
		37352742217A3EE100602046 /* ros */ = {
			isa = PBXGroup;
			children = (
				37352743217A3EE100602046 /* ros.grpc.swift */,
				37352744217A3EE100602046 /* ros.pb.swift */,
			);
			path = ros;
			sourceTree = "<group>";
		};
		37352745217A3EE100602046 /* login */ = {
			isa = PBXGroup;
			children = (
				37352746217A3EE100602046 /* login.grpc.swift */,
				37352747217A3EE100602046 /* login.pb.swift */,
			);
			path = login;
			sourceTree = "<group>";
		};
		37363A0C21761F1100EBD383 /* Authentication */ = {
			isa = PBXGroup;
			children = (
				37363A0D21761F1100EBD383 /* Register */,
				37363A1221761F1100EBD383 /* AuthenticationView.swift */,
				37363A1321761F1100EBD383 /* Login */,
			);
			path = Authentication;
			sourceTree = "<group>";
		};
		37363A0D21761F1100EBD383 /* Register */ = {
			isa = PBXGroup;
			children = (
				37363A0E21761F1100EBD383 /* RegisterServerDelegate.swift */,
				37363A0F21761F1100EBD383 /* RegisterView.swift */,
				37363A1021761F1100EBD383 /* RegisterServer.swift */,
				37363A1121761F1100EBD383 /* RegisterViewController.swift */,
			);
			path = Register;
			sourceTree = "<group>";
		};
		37363A1321761F1100EBD383 /* Login */ = {
			isa = PBXGroup;
			children = (
				37363A1421761F1100EBD383 /* LoginView.swift */,
				37363A1521761F1100EBD383 /* LoginViewController.swift */,
				37363A1D21761F2200EBD383 /* LoginServerDelegate.swift */,
				37363A1F21761F3400EBD383 /* LoginServer.swift */,
			);
			path = Login;
			sourceTree = "<group>";
		};
		373C1234216E8A63003D7CBB /* Frameworks */ = {
			isa = PBXGroup;
			children = (
			);
			name = Frameworks;
			sourceTree = "<group>";
		};
		373C127B216F9ED3003D7CBB /* Products */ = {
			isa = PBXGroup;
			children = (
				373C1282216F9ED4003D7CBB /* BoringSSL.framework */,
				373C1284216F9ED4003D7CBB /* CgRPC.framework */,
				373C1286216F9ED4003D7CBB /* SwiftGRPC.framework */,
				373C1288216F9ED4003D7CBB /* SwiftProtobuf.framework */,
			);
			name = Products;
			sourceTree = "<group>";
		};
		3775A0682165009700ABEF54 /* Shared */ = {
			isa = PBXGroup;
			children = (
				3775A0692165012200ABEF54 /* Constraints.swift */,
				376985B8216834DE006FF550 /* Constants.swift */,
				3720226F2167AF5B00602B53 /* CustomTextField.swift */,
				37363A0A21761C3300EBD383 /* UIButtonExtension.swift */,
				3735274E217B498500602046 /* TabBarNavigationController.swift */,
			);
			path = Shared;
			sourceTree = "<group>";
		};
		37EEA7DA215B962400BF3839 = {
			isa = PBXGroup;
			children = (
				3735273E217A3EE100602046 /* genfiles */,
				373C127A216F9ED3003D7CBB /* SwiftGRPC-Carthage.xcodeproj */,
				37EEA7E5215B962500BF3839 /* pinit */,
				37EEA7FA215B962800BF3839 /* pinitTests */,
				37EEA7E4215B962500BF3839 /* Products */,
				373C1234216E8A63003D7CBB /* Frameworks */,
			);
			sourceTree = "<group>";
		};
		37EEA7E4215B962500BF3839 /* Products */ = {
			isa = PBXGroup;
			children = (
				37EEA7E3215B962500BF3839 /* pinit.app */,
				37EEA7F7215B962800BF3839 /* pinitTests.xctest */,
			);
			name = Products;
			sourceTree = "<group>";
		};
		37EEA7E5215B962500BF3839 /* pinit */ = {
			isa = PBXGroup;
			children = (
				37EEA7E6215B962500BF3839 /* AppDelegate.swift */,
				37EEA7ED215B962800BF3839 /* Assets.xcassets */,
				37EEA7F2215B962800BF3839 /* Info.plist */,
				37352739217A218700602046 /* Settings */,
				37352734217A217F00602046 /* PinitOwner */,
				3735272D217A217700602046 /* Mapping */,
				37363A0C21761F1100EBD383 /* Authentication */,
				3775A0682165009700ABEF54 /* Shared */,
			);
			path = pinit;
			sourceTree = "<group>";
		};
		37EEA7FA215B962800BF3839 /* pinitTests */ = {
			isa = PBXGroup;
			children = (
				37EEA7FB215B962800BF3839 /* pinitTests.swift */,
				37EEA7FD215B962800BF3839 /* Info.plist */,
			);
			path = pinitTests;
			sourceTree = "<group>";
		};
/* End PBXGroup section */

/* Begin PBXNativeTarget section */
		37EEA7E2215B962500BF3839 /* pinit */ = {
			isa = PBXNativeTarget;
			buildConfigurationList = 37EEA800215B962800BF3839 /* Build configuration list for PBXNativeTarget "pinit" */;
			buildPhases = (
				37EEA7DF215B962500BF3839 /* Sources */,
				37EEA7E0215B962500BF3839 /* Frameworks */,
				37EEA7E1215B962500BF3839 /* Resources */,
				373639DC217248A300EBD383 /* Embed Frameworks */,
			);
			buildRules = (
			);
			dependencies = (
				373639CF217248A300EBD383 /* PBXTargetDependency */,
				373639D3217248A300EBD383 /* PBXTargetDependency */,
				373639D7217248A300EBD383 /* PBXTargetDependency */,
				373639DB217248A300EBD383 /* PBXTargetDependency */,
			);
			name = pinit;
			productName = pinit;
			productReference = 37EEA7E3215B962500BF3839 /* pinit.app */;
			productType = "com.apple.product-type.application";
		};
		37EEA7F6215B962800BF3839 /* pinitTests */ = {
			isa = PBXNativeTarget;
			buildConfigurationList = 37EEA803215B962800BF3839 /* Build configuration list for PBXNativeTarget "pinitTests" */;
			buildPhases = (
				37EEA7F3215B962800BF3839 /* Sources */,
				37EEA7F4215B962800BF3839 /* Frameworks */,
				37EEA7F5215B962800BF3839 /* Resources */,
			);
			buildRules = (
			);
			dependencies = (
				37EEA7F9215B962800BF3839 /* PBXTargetDependency */,
			);
			name = pinitTests;
			productName = pinitTests;
			productReference = 37EEA7F7215B962800BF3839 /* pinitTests.xctest */;
			productType = "com.apple.product-type.bundle.unit-test";
		};
/* End PBXNativeTarget section */

/* Begin PBXProject section */
		37EEA7DB215B962400BF3839 /* Project object */ = {
			isa = PBXProject;
			attributes = {
				LastSwiftUpdateCheck = 0940;
				LastUpgradeCheck = 0940;
				ORGANIZATIONNAME = "Farida Eid";
				TargetAttributes = {
					37EEA7E2215B962500BF3839 = {
						CreatedOnToolsVersion = 9.4.1;
					};
					37EEA7F6215B962800BF3839 = {
						CreatedOnToolsVersion = 9.4.1;
						TestTargetID = 37EEA7E2215B962500BF3839;
					};
				};
			};
			buildConfigurationList = 37EEA7DE215B962400BF3839 /* Build configuration list for PBXProject "pinit" */;
			compatibilityVersion = "Xcode 9.3";
			developmentRegion = en;
			hasScannedForEncodings = 0;
			knownRegions = (
				en,
				Base,
			);
			mainGroup = 37EEA7DA215B962400BF3839;
			productRefGroup = 37EEA7E4215B962500BF3839 /* Products */;
			projectDirPath = "";
			projectReferences = (
				{
					ProductGroup = 373C127B216F9ED3003D7CBB /* Products */;
					ProjectRef = 373C127A216F9ED3003D7CBB /* SwiftGRPC-Carthage.xcodeproj */;
				},
			);
			projectRoot = "";
			targets = (
				37EEA7E2215B962500BF3839 /* pinit */,
				37EEA7F6215B962800BF3839 /* pinitTests */,
			);
		};
/* End PBXProject section */

/* Begin PBXReferenceProxy section */
		373C1282216F9ED4003D7CBB /* BoringSSL.framework */ = {
			isa = PBXReferenceProxy;
			fileType = wrapper.framework;
			path = BoringSSL.framework;
			remoteRef = 373C1281216F9ED4003D7CBB /* PBXContainerItemProxy */;
			sourceTree = BUILT_PRODUCTS_DIR;
		};
		373C1284216F9ED4003D7CBB /* CgRPC.framework */ = {
			isa = PBXReferenceProxy;
			fileType = wrapper.framework;
			path = CgRPC.framework;
			remoteRef = 373C1283216F9ED4003D7CBB /* PBXContainerItemProxy */;
			sourceTree = BUILT_PRODUCTS_DIR;
		};
		373C1286216F9ED4003D7CBB /* SwiftGRPC.framework */ = {
			isa = PBXReferenceProxy;
			fileType = wrapper.framework;
			path = SwiftGRPC.framework;
			remoteRef = 373C1285216F9ED4003D7CBB /* PBXContainerItemProxy */;
			sourceTree = BUILT_PRODUCTS_DIR;
		};
		373C1288216F9ED4003D7CBB /* SwiftProtobuf.framework */ = {
			isa = PBXReferenceProxy;
			fileType = wrapper.framework;
			path = SwiftProtobuf.framework;
			remoteRef = 373C1287216F9ED4003D7CBB /* PBXContainerItemProxy */;
			sourceTree = BUILT_PRODUCTS_DIR;
		};
/* End PBXReferenceProxy section */

/* Begin PBXResourcesBuildPhase section */
		37EEA7E1215B962500BF3839 /* Resources */ = {
			isa = PBXResourcesBuildPhase;
			buildActionMask = 2147483647;
			files = (
				37EEA7EE215B962800BF3839 /* Assets.xcassets in Resources */,
			);
			runOnlyForDeploymentPostprocessing = 0;
		};
		37EEA7F5215B962800BF3839 /* Resources */ = {
			isa = PBXResourcesBuildPhase;
			buildActionMask = 2147483647;
			files = (
			);
			runOnlyForDeploymentPostprocessing = 0;
		};
/* End PBXResourcesBuildPhase section */

/* Begin PBXSourcesBuildPhase section */
		37EEA7DF215B962500BF3839 /* Sources */ = {
			isa = PBXSourcesBuildPhase;
			buildActionMask = 2147483647;
			files = (
				37363A1721761F1100EBD383 /* RegisterView.swift in Sources */,
				3735274B217A3EE100602046 /* ros.pb.swift in Sources */,
				37352748217A3EE100602046 /* account_management.grpc.swift in Sources */,
				37352737217A217F00602046 /* MappingServer.swift in Sources */,
				3775A06B21650B5D00ABEF54 /* Constraints.swift in Sources */,
				37352732217A217700602046 /* MappingView.swift in Sources */,
				37363A1E21761F2200EBD383 /* LoginServerDelegate.swift in Sources */,
				37363A1B21761F1100EBD383 /* LoginView.swift in Sources */,
				37363A1821761F1100EBD383 /* RegisterServer.swift in Sources */,
				37352749217A3EE100602046 /* account_management.pb.swift in Sources */,
				37352733217A217700602046 /* MappingViewController.swift in Sources */,
				37363A1621761F1100EBD383 /* RegisterServerDelegate.swift in Sources */,
				37352731217A217700602046 /* MappingControlsView.swift in Sources */,
				372022702167AF5B00602B53 /* CustomTextField.swift in Sources */,
				3735273D217A303100602046 /* MappingServerDelegate.swift in Sources */,
				37363A2021761F3400EBD383 /* LoginServer.swift in Sources */,
				3735274A217A3EE100602046 /* ros.grpc.swift in Sources */,
				37EEA7E7215B962500BF3839 /* AppDelegate.swift in Sources */,
				37352738217A217F00602046 /* PinitOwnerViewController.swift in Sources */,
				37363A0B21761C3300EBD383 /* UIButtonExtension.swift in Sources */,
				3735274D217A3EE100602046 /* login.pb.swift in Sources */,
				3735274C217A3EE100602046 /* login.grpc.swift in Sources */,
				37363A1A21761F1100EBD383 /* AuthenticationView.swift in Sources */,
				37363A1C21761F1100EBD383 /* LoginViewController.swift in Sources */,
				37363A1921761F1100EBD383 /* RegisterViewController.swift in Sources */,
				3735273B217A218700602046 /* SettingsViewController.swift in Sources */,
				3735274F217B498500602046 /* TabBarNavigationController.swift in Sources */,
				376985B9216834DE006FF550 /* Constants.swift in Sources */,
			);
			runOnlyForDeploymentPostprocessing = 0;
		};
		37EEA7F3215B962800BF3839 /* Sources */ = {
			isa = PBXSourcesBuildPhase;
			buildActionMask = 2147483647;
			files = (
				37EEA7FC215B962800BF3839 /* pinitTests.swift in Sources */,
			);
			runOnlyForDeploymentPostprocessing = 0;
		};
/* End PBXSourcesBuildPhase section */

/* Begin PBXTargetDependency section */
		373639CF217248A300EBD383 /* PBXTargetDependency */ = {
			isa = PBXTargetDependency;
			name = BoringSSL;
			targetProxy = 373639CE217248A300EBD383 /* PBXContainerItemProxy */;
		};
		373639D3217248A300EBD383 /* PBXTargetDependency */ = {
			isa = PBXTargetDependency;
			name = SwiftGRPC;
			targetProxy = 373639D2217248A300EBD383 /* PBXContainerItemProxy */;
		};
		373639D7217248A300EBD383 /* PBXTargetDependency */ = {
			isa = PBXTargetDependency;
			name = SwiftProtobuf;
			targetProxy = 373639D6217248A300EBD383 /* PBXContainerItemProxy */;
		};
		373639DB217248A300EBD383 /* PBXTargetDependency */ = {
			isa = PBXTargetDependency;
			name = CgRPC;
			targetProxy = 373639DA217248A300EBD383 /* PBXContainerItemProxy */;
		};
		37EEA7F9215B962800BF3839 /* PBXTargetDependency */ = {
			isa = PBXTargetDependency;
			target = 37EEA7E2215B962500BF3839 /* pinit */;
			targetProxy = 37EEA7F8215B962800BF3839 /* PBXContainerItemProxy */;
		};
/* End PBXTargetDependency section */

/* Begin XCBuildConfiguration section */
		37EEA7FE215B962800BF3839 /* Debug */ = {
			isa = XCBuildConfiguration;
			buildSettings = {
				ALWAYS_SEARCH_USER_PATHS = NO;
				CLANG_ANALYZER_NONNULL = YES;
				CLANG_ANALYZER_NUMBER_OBJECT_CONVERSION = YES_AGGRESSIVE;
				CLANG_CXX_LANGUAGE_STANDARD = "gnu++14";
				CLANG_CXX_LIBRARY = "libc++";
				CLANG_ENABLE_MODULES = YES;
				CLANG_ENABLE_OBJC_ARC = YES;
				CLANG_ENABLE_OBJC_WEAK = YES;
				CLANG_WARN_BLOCK_CAPTURE_AUTORELEASING = YES;
				CLANG_WARN_BOOL_CONVERSION = YES;
				CLANG_WARN_COMMA = YES;
				CLANG_WARN_CONSTANT_CONVERSION = YES;
				CLANG_WARN_DEPRECATED_OBJC_IMPLEMENTATIONS = YES;
				CLANG_WARN_DIRECT_OBJC_ISA_USAGE = YES_ERROR;
				CLANG_WARN_DOCUMENTATION_COMMENTS = YES;
				CLANG_WARN_EMPTY_BODY = YES;
				CLANG_WARN_ENUM_CONVERSION = YES;
				CLANG_WARN_INFINITE_RECURSION = YES;
				CLANG_WARN_INT_CONVERSION = YES;
				CLANG_WARN_NON_LITERAL_NULL_CONVERSION = YES;
				CLANG_WARN_OBJC_IMPLICIT_RETAIN_SELF = YES;
				CLANG_WARN_OBJC_LITERAL_CONVERSION = YES;
				CLANG_WARN_OBJC_ROOT_CLASS = YES_ERROR;
				CLANG_WARN_RANGE_LOOP_ANALYSIS = YES;
				CLANG_WARN_STRICT_PROTOTYPES = YES;
				CLANG_WARN_SUSPICIOUS_MOVE = YES;
				CLANG_WARN_UNGUARDED_AVAILABILITY = YES_AGGRESSIVE;
				CLANG_WARN_UNREACHABLE_CODE = YES;
				CLANG_WARN__DUPLICATE_METHOD_MATCH = YES;
				CODE_SIGN_IDENTITY = "iPhone Developer";
				COPY_PHASE_STRIP = NO;
				DEBUG_INFORMATION_FORMAT = dwarf;
				ENABLE_STRICT_OBJC_MSGSEND = YES;
				ENABLE_TESTABILITY = YES;
				GCC_C_LANGUAGE_STANDARD = gnu11;
				GCC_DYNAMIC_NO_PIC = NO;
				GCC_NO_COMMON_BLOCKS = YES;
				GCC_OPTIMIZATION_LEVEL = 0;
				GCC_PREPROCESSOR_DEFINITIONS = (
					"DEBUG=1",
					"$(inherited)",
				);
				GCC_WARN_64_TO_32_BIT_CONVERSION = YES;
				GCC_WARN_ABOUT_RETURN_TYPE = YES_ERROR;
				GCC_WARN_UNDECLARED_SELECTOR = YES;
				GCC_WARN_UNINITIALIZED_AUTOS = YES_AGGRESSIVE;
				GCC_WARN_UNUSED_FUNCTION = YES;
				GCC_WARN_UNUSED_VARIABLE = YES;
				IPHONEOS_DEPLOYMENT_TARGET = 11.4;
				MTL_ENABLE_DEBUG_INFO = YES;
				ONLY_ACTIVE_ARCH = YES;
				SDKROOT = iphoneos;
				SWIFT_ACTIVE_COMPILATION_CONDITIONS = DEBUG;
				SWIFT_OPTIMIZATION_LEVEL = "-Onone";
			};
			name = Debug;
		};
		37EEA7FF215B962800BF3839 /* Release */ = {
			isa = XCBuildConfiguration;
			buildSettings = {
				ALWAYS_SEARCH_USER_PATHS = NO;
				CLANG_ANALYZER_NONNULL = YES;
				CLANG_ANALYZER_NUMBER_OBJECT_CONVERSION = YES_AGGRESSIVE;
				CLANG_CXX_LANGUAGE_STANDARD = "gnu++14";
				CLANG_CXX_LIBRARY = "libc++";
				CLANG_ENABLE_MODULES = YES;
				CLANG_ENABLE_OBJC_ARC = YES;
				CLANG_ENABLE_OBJC_WEAK = YES;
				CLANG_WARN_BLOCK_CAPTURE_AUTORELEASING = YES;
				CLANG_WARN_BOOL_CONVERSION = YES;
				CLANG_WARN_COMMA = YES;
				CLANG_WARN_CONSTANT_CONVERSION = YES;
				CLANG_WARN_DEPRECATED_OBJC_IMPLEMENTATIONS = YES;
				CLANG_WARN_DIRECT_OBJC_ISA_USAGE = YES_ERROR;
				CLANG_WARN_DOCUMENTATION_COMMENTS = YES;
				CLANG_WARN_EMPTY_BODY = YES;
				CLANG_WARN_ENUM_CONVERSION = YES;
				CLANG_WARN_INFINITE_RECURSION = YES;
				CLANG_WARN_INT_CONVERSION = YES;
				CLANG_WARN_NON_LITERAL_NULL_CONVERSION = YES;
				CLANG_WARN_OBJC_IMPLICIT_RETAIN_SELF = YES;
				CLANG_WARN_OBJC_LITERAL_CONVERSION = YES;
				CLANG_WARN_OBJC_ROOT_CLASS = YES_ERROR;
				CLANG_WARN_RANGE_LOOP_ANALYSIS = YES;
				CLANG_WARN_STRICT_PROTOTYPES = YES;
				CLANG_WARN_SUSPICIOUS_MOVE = YES;
				CLANG_WARN_UNGUARDED_AVAILABILITY = YES_AGGRESSIVE;
				CLANG_WARN_UNREACHABLE_CODE = YES;
				CLANG_WARN__DUPLICATE_METHOD_MATCH = YES;
				CODE_SIGN_IDENTITY = "iPhone Developer";
				COPY_PHASE_STRIP = NO;
				DEBUG_INFORMATION_FORMAT = "dwarf-with-dsym";
				ENABLE_NS_ASSERTIONS = NO;
				ENABLE_STRICT_OBJC_MSGSEND = YES;
				GCC_C_LANGUAGE_STANDARD = gnu11;
				GCC_NO_COMMON_BLOCKS = YES;
				GCC_WARN_64_TO_32_BIT_CONVERSION = YES;
				GCC_WARN_ABOUT_RETURN_TYPE = YES_ERROR;
				GCC_WARN_UNDECLARED_SELECTOR = YES;
				GCC_WARN_UNINITIALIZED_AUTOS = YES_AGGRESSIVE;
				GCC_WARN_UNUSED_FUNCTION = YES;
				GCC_WARN_UNUSED_VARIABLE = YES;
				IPHONEOS_DEPLOYMENT_TARGET = 11.4;
				MTL_ENABLE_DEBUG_INFO = NO;
				SDKROOT = iphoneos;
				SWIFT_COMPILATION_MODE = wholemodule;
				SWIFT_OPTIMIZATION_LEVEL = "-O";
				VALIDATE_PRODUCT = YES;
			};
			name = Release;
		};
		37EEA801215B962800BF3839 /* Debug */ = {
			isa = XCBuildConfiguration;
			buildSettings = {
				ALWAYS_EMBED_SWIFT_STANDARD_LIBRARIES = YES;
				ASSETCATALOG_COMPILER_APPICON_NAME = AppIcon;
				CODE_SIGN_STYLE = Automatic;
				DEVELOPMENT_TEAM = CVQJFHTR9T;
				ENABLE_BITCODE = NO;
				HEADER_SEARCH_PATHS = "/Users/faridaeid/Desktop/Desktop/University/Fall18/Thesis2/grpc-swift/Sources/CgRPC/include";
				INFOPLIST_FILE = pinit/Info.plist;
				LD_RUNPATH_SEARCH_PATHS = (
					"$(inherited)",
					"@executable_path/Frameworks",
				);
				PRODUCT_BUNDLE_IDENTIFIER = faridaeid.github.pinit;
				PRODUCT_NAME = "$(TARGET_NAME)";
				SWIFT_VERSION = 4.2;
				TARGETED_DEVICE_FAMILY = "1,2";
			};
			name = Debug;
		};
		37EEA802215B962800BF3839 /* Release */ = {
			isa = XCBuildConfiguration;
			buildSettings = {
				ALWAYS_EMBED_SWIFT_STANDARD_LIBRARIES = YES;
				ASSETCATALOG_COMPILER_APPICON_NAME = AppIcon;
				CODE_SIGN_STYLE = Automatic;
				DEVELOPMENT_TEAM = CVQJFHTR9T;
				ENABLE_BITCODE = NO;
				HEADER_SEARCH_PATHS = "/Users/faridaeid/Desktop/Desktop/University/Fall18/Thesis2/grpc-swift/Sources/CgRPC/include";
				INFOPLIST_FILE = pinit/Info.plist;
				LD_RUNPATH_SEARCH_PATHS = (
					"$(inherited)",
					"@executable_path/Frameworks",
				);
				PRODUCT_BUNDLE_IDENTIFIER = faridaeid.github.pinit;
				PRODUCT_NAME = "$(TARGET_NAME)";
				SWIFT_VERSION = 4.2;
				TARGETED_DEVICE_FAMILY = "1,2";
			};
			name = Release;
		};
		37EEA804215B962800BF3839 /* Debug */ = {
			isa = XCBuildConfiguration;
			buildSettings = {
				ALWAYS_EMBED_SWIFT_STANDARD_LIBRARIES = YES;
				BUNDLE_LOADER = "$(TEST_HOST)";
				CODE_SIGN_STYLE = Automatic;
				DEVELOPMENT_TEAM = CVQJFHTR9T;
				INFOPLIST_FILE = pinitTests/Info.plist;
				LD_RUNPATH_SEARCH_PATHS = (
					"$(inherited)",
					"@executable_path/Frameworks",
					"@loader_path/Frameworks",
				);
				PRODUCT_BUNDLE_IDENTIFIER = faridaeid.github.pinitTests;
				PRODUCT_NAME = "$(TARGET_NAME)";
				SWIFT_VERSION = 4.2;
				TARGETED_DEVICE_FAMILY = "1,2";
				TEST_HOST = "$(BUILT_PRODUCTS_DIR)/pinit.app/pinit";
			};
			name = Debug;
		};
		37EEA805215B962800BF3839 /* Release */ = {
			isa = XCBuildConfiguration;
			buildSettings = {
				ALWAYS_EMBED_SWIFT_STANDARD_LIBRARIES = YES;
				BUNDLE_LOADER = "$(TEST_HOST)";
				CODE_SIGN_STYLE = Automatic;
				DEVELOPMENT_TEAM = CVQJFHTR9T;
				INFOPLIST_FILE = pinitTests/Info.plist;
				LD_RUNPATH_SEARCH_PATHS = (
					"$(inherited)",
					"@executable_path/Frameworks",
					"@loader_path/Frameworks",
				);
				PRODUCT_BUNDLE_IDENTIFIER = faridaeid.github.pinitTests;
				PRODUCT_NAME = "$(TARGET_NAME)";
				SWIFT_VERSION = 4.2;
				TARGETED_DEVICE_FAMILY = "1,2";
				TEST_HOST = "$(BUILT_PRODUCTS_DIR)/pinit.app/pinit";
			};
			name = Release;
		};
/* End XCBuildConfiguration section */

/* Begin XCConfigurationList section */
		37EEA7DE215B962400BF3839 /* Build configuration list for PBXProject "pinit" */ = {
			isa = XCConfigurationList;
			buildConfigurations = (
				37EEA7FE215B962800BF3839 /* Debug */,
				37EEA7FF215B962800BF3839 /* Release */,
			);
			defaultConfigurationIsVisible = 0;
			defaultConfigurationName = Release;
		};
		37EEA800215B962800BF3839 /* Build configuration list for PBXNativeTarget "pinit" */ = {
			isa = XCConfigurationList;
			buildConfigurations = (
				37EEA801215B962800BF3839 /* Debug */,
				37EEA802215B962800BF3839 /* Release */,
			);
			defaultConfigurationIsVisible = 0;
			defaultConfigurationName = Release;
		};
		37EEA803215B962800BF3839 /* Build configuration list for PBXNativeTarget "pinitTests" */ = {
			isa = XCConfigurationList;
			buildConfigurations = (
				37EEA804215B962800BF3839 /* Debug */,
				37EEA805215B962800BF3839 /* Release */,
			);
			defaultConfigurationIsVisible = 0;
			defaultConfigurationName = Release;
		};
/* End XCConfigurationList section */
	};
	rootObject = 37EEA7DB215B962400BF3839 /* Project object */;
}
